
Microsoft Visual Studio Solution File, Format Version 12.00
# Visual Studio Version 16
VisualStudioVersion = 16.0.31321.278
MinimumVisualStudioVersion = 10.0.40219.1
Project("{FAE04EC0-301F-11D3-BF4B-00C04F79EFBC}") = "kursova_rabota_471221012", "kursova_rabota_471221012\kursova_rabota_471221012.csproj", "{4FA793CF-A427-4423-B401-2E1A7BD3A5F5}"
EndProject
Project("{FAE04EC0-301F-11D3-BF4B-00C04F79EFBC}") = "Library-kr-471221012", "Library-kr-471221012\Library-kr-471221012.csproj", "{BDC3D6D4-BFE9-4B27-AA02-845A99498B6B}"
EndProject
Global
	GlobalSection(SolutionConfigurationPlatforms) = preSolution
		Debug|Any CPU = Debug|Any CPU
		Release|Any CPU = Release|Any CPU
	EndGlobalSection
	GlobalSection(ProjectConfigurationPlatforms) = postSolution
		{4FA793CF-A427-4423-B401-2E1A7BD3A5F5}.Debug|Any CPU.ActiveCfg = Debug|Any CPU
		{4FA793CF-A427-4423-B401-2E1A7BD3A5F5}.Debug|Any CPU.Build.0 = Debug|Any CPU
		{4FA793CF-A427-4423-B401-2E1A7BD3A5F5}.Release|Any CPU.ActiveCfg = Release|Any CPU
		{4FA793CF-A427-4423-B401-2E1A7BD3A5F5}.Release|Any CPU.Build.0 = Release|Any CPU
		{BDC3D6D4-BFE9-4B27-AA02-845A99498B6B}.Debug|Any CPU.ActiveCfg = Debug|Any CPU
		{BDC3D6D4-BFE9-4B27-AA02-845A99498B6B}.Debug|Any CPU.Build.0 = Debug|Any CPU
		{BDC3D6D4-BFE9-4B27-AA02-845A99498B6B}.Release|Any CPU.ActiveCfg = Release|Any CPU
		{BDC3D6D4-BFE9-4B27-AA02-845A99498B6B}.Release|Any CPU.Build.0 = Release|Any CPU
	EndGlobalSection
	GlobalSection(SolutionProperties) = preSolution
		HideSolutionNode = FALSE
	EndGlobalSection
	GlobalSection(ExtensibilityGlobals) = postSolution
		SolutionGuid = {C5FD462A-A37C-4171-8FB8-D0F9773434BC}
	EndGlobalSection
EndGlobal
